{
  "version": 4,
  "terraform_version": "1.2.8",
  "serial": 13,
  "lineage": "fc296e48-9e8f-07de-1a24-1fd5d632465e",
  "outputs": {},
  "resources": [
    {
      "mode": "data",
      "type": "template_file",
      "name": "az_il_arc_connect_script",
      "provider": "provider[\"registry.terraform.io/hashicorp/template\"]",
      "instances": []
    },
    {
      "mode": "data",
      "type": "template_file",
      "name": "az_il_arc_gitops_script",
      "provider": "provider[\"registry.terraform.io/hashicorp/template\"]",
      "instances": [
        {
          "schema_version": 0,
          "attributes": {
            "filename": null,
            "id": "900145ed4d9618f819f2f0c3031d1be1ad6bc4c212ca4fdc8e7e873f480b04fe",
            "rendered": "#!/bin/sh\n\n# Creating Gitops configuration\necho \"# Creating k8s-configuration for Gitops\"\naz k8s-configuration create --name azure-arc-demo --cluster-name azure-arc --resource-group azure-arc-demo --operator-instance-name azure-arc-demo --operator-namespace azure-arc-demo --operator-params='--git-branch=main' --repository-url https://github.com/knpsh/k8s-app --scope cluster --cluster-type connectedClusters",
            "template": "#!/bin/sh\n\n# Creating Gitops configuration\necho \"# Creating k8s-configuration for Gitops\"\naz k8s-configuration create --name ${project} --cluster-name ${az_arc_cluster_name} --resource-group ${az_resource_group_name} --operator-instance-name ${project} --operator-namespace ${project} --operator-params='--git-branch=main' --repository-url ${repo} --scope cluster --cluster-type connectedClusters",
            "vars": {
              "az_arc_cluster_name": "azure-arc",
              "az_resource_group_name": "azure-arc-demo",
              "project": "azure-arc-demo",
              "repo": "https://github.com/knpsh/k8s-app"
            }
          },
          "sensitive_attributes": []
        }
      ]
    },
    {
      "mode": "managed",
      "type": "local_file",
      "name": "az_il_arc_connect_script",
      "provider": "provider[\"registry.terraform.io/hashicorp/local\"]",
      "instances": []
    },
    {
      "mode": "managed",
      "type": "local_file",
      "name": "az_il_arc_gitops_script",
      "provider": "provider[\"registry.terraform.io/hashicorp/local\"]",
      "instances": [
        {
          "schema_version": 0,
          "attributes": {
            "content": "#!/bin/sh\n\n# Creating Gitops configuration\necho \"# Creating k8s-configuration for Gitops\"\naz k8s-configuration create --name azure-arc-demo --cluster-name azure-arc --resource-group azure-arc-demo --operator-instance-name azure-arc-demo --operator-namespace azure-arc-demo --operator-params='--git-branch=main' --repository-url https://github.com/knpsh/k8s-app --scope cluster --cluster-type connectedClusters",
            "content_base64": null,
            "directory_permission": "0777",
            "file_permission": "0777",
            "filename": "./scripts/az_il_arc_gitops_script.sh",
            "id": "313f4af0e21e9a5c6dcf115a2c082f2b72aa40ac",
            "sensitive_content": null,
            "source": null
          },
          "sensitive_attributes": [],
          "private": "bnVsbA==",
          "dependencies": [
            "data.template_file.az_il_arc_gitops_script"
          ]
        }
      ]
    },
    {
      "module": "module.example_k8s[0]",
      "mode": "managed",
      "type": "random_string",
      "name": "il_k8s_suffix",
      "provider": "provider[\"registry.terraform.io/hashicorp/random\"]",
      "instances": [
        {
          "schema_version": 2,
          "attributes": {
            "id": "6b2cfkk6",
            "keepers": null,
            "length": 8,
            "lower": true,
            "min_lower": 0,
            "min_numeric": 0,
            "min_special": 0,
            "min_upper": 0,
            "number": true,
            "numeric": true,
            "override_special": null,
            "result": "6b2cfkk6",
            "special": false,
            "upper": false
          },
          "sensitive_attributes": []
        }
      ]
    },
    {
      "module": "module.example_k8s[0]",
      "mode": "managed",
      "type": "yandex_iam_service_account",
      "name": "il_k8s_sa",
      "provider": "provider[\"registry.terraform.io/yandex-cloud/yandex\"]",
      "instances": [
        {
          "schema_version": 0,
          "attributes": {
            "created_at": "2022-09-13T11:40:43Z",
            "description": "",
            "folder_id": "b483u8568fn4ch29itgt",
            "id": "f08b5d86323t5dbjkkrg",
            "name": "kube-sa-6b2cfkk6",
            "timeouts": null
          },
          "sensitive_attributes": [],
          "private": "eyJlMmJmYjczMC1lY2FhLTExZTYtOGY4OC0zNDM2M2JjN2M0YzAiOnsiY3JlYXRlIjo2MDAwMDAwMDAwMCwiZGVsZXRlIjo2MDAwMDAwMDAwMCwidXBkYXRlIjo2MDAwMDAwMDAwMH19",
          "dependencies": [
            "module.example_k8s.random_string.il_k8s_suffix"
          ]
        }
      ]
    },
    {
      "module": "module.example_k8s[0]",
      "mode": "managed",
      "type": "yandex_kms_symmetric_key",
      "name": "il_k8s_kms",
      "provider": "provider[\"registry.terraform.io/yandex-cloud/yandex\"]",
      "instances": [
        {
          "schema_version": 0,
          "attributes": {
            "created_at": "2022-09-13T11:40:44Z",
            "default_algorithm": "AES_256",
            "description": "kube kms key",
            "folder_id": "b483u8568fn4ch29itgt",
            "id": "c42amkfbi4j6t5cqgnic",
            "labels": null,
            "name": "kube-kms-6b2cfkk6",
            "rotated_at": "",
            "rotation_period": "8760h0m0s",
            "status": "active",
            "timeouts": null
          },
          "sensitive_attributes": [],
          "private": "eyJlMmJmYjczMC1lY2FhLTExZTYtOGY4OC0zNDM2M2JjN2M0YzAiOnsiY3JlYXRlIjo2MDAwMDAwMDAwMCwiZGVsZXRlIjo2MDAwMDAwMDAwMCwicmVhZCI6NjAwMDAwMDAwMDAsInVwZGF0ZSI6NjAwMDAwMDAwMDB9fQ==",
          "dependencies": [
            "module.example_k8s.random_string.il_k8s_suffix"
          ]
        }
      ]
    },
    {
      "module": "module.example_k8s[0]",
      "mode": "managed",
      "type": "yandex_kubernetes_cluster",
      "name": "il_k8s_cluster",
      "provider": "provider[\"registry.terraform.io/yandex-cloud/yandex\"]",
      "instances": []
    },
    {
      "module": "module.example_k8s[0]",
      "mode": "managed",
      "type": "yandex_resourcemanager_folder_iam_member",
      "name": "il_k8s_sa",
      "provider": "provider[\"registry.terraform.io/yandex-cloud/yandex\"]",
      "instances": [
        {
          "schema_version": 0,
          "attributes": {
            "folder_id": "b483u8568fn4ch29itgt",
            "id": "b483u8568fn4ch29itgt/editor/serviceAccount:f08b5d86323t5dbjkkrg",
            "member": "serviceAccount:f08b5d86323t5dbjkkrg",
            "role": "editor",
            "sleep_after": null
          },
          "sensitive_attributes": [],
          "private": "bnVsbA==",
          "dependencies": [
            "module.example_k8s.random_string.il_k8s_suffix",
            "module.example_k8s.yandex_iam_service_account.il_k8s_sa"
          ]
        }
      ]
    },
    {
      "module": "module.example_k8s[0]",
      "mode": "managed",
      "type": "yandex_vpc_network",
      "name": "il_k8s_vpc",
      "provider": "provider[\"registry.terraform.io/yandex-cloud/yandex\"]",
      "instances": [
        {
          "schema_version": 0,
          "attributes": {
            "created_at": "2022-09-13T11:40:43Z",
            "default_security_group_id": "",
            "description": "kubernetes vpc",
            "folder_id": "b483u8568fn4ch29itgt",
            "id": "ccmcqqau9ce6eb6hhs87",
            "labels": {},
            "name": "vpc-6b2cfkk6",
            "subnet_ids": [],
            "timeouts": null
          },
          "sensitive_attributes": [],
          "private": "eyJlMmJmYjczMC1lY2FhLTExZTYtOGY4OC0zNDM2M2JjN2M0YzAiOnsiY3JlYXRlIjo2MDAwMDAwMDAwMCwiZGVsZXRlIjo2MDAwMDAwMDAwMCwidXBkYXRlIjo2MDAwMDAwMDAwMH19",
          "dependencies": [
            "module.example_k8s.random_string.il_k8s_suffix"
          ]
        }
      ]
    },
    {
      "module": "module.example_k8s[0]",
      "mode": "managed",
      "type": "yandex_vpc_security_group",
      "name": "il_k8s_sg-api",
      "provider": "provider[\"registry.terraform.io/yandex-cloud/yandex\"]",
      "instances": [
        {
          "schema_version": 0,
          "attributes": {
            "created_at": "2022-09-13T11:40:44Z",
            "description": "Kubernetes API access",
            "egress": [],
            "folder_id": "b483u8568fn4ch29itgt",
            "id": "ccm0ls7esit1t504rvmn",
            "ingress": [
              {
                "description": "incoming-api-443",
                "from_port": -1,
                "id": "ccmc3d793tidpgu582as",
                "labels": {},
                "port": 443,
                "predefined_target": "",
                "protocol": "TCP",
                "security_group_id": "",
                "to_port": -1,
                "v4_cidr_blocks": [
                  "0.0.0.0/0"
                ],
                "v6_cidr_blocks": []
              },
              {
                "description": "incoming-api-6443",
                "from_port": -1,
                "id": "ccm7p16r9iiuaoe01faf",
                "labels": {},
                "port": 6443,
                "predefined_target": "",
                "protocol": "TCP",
                "security_group_id": "",
                "to_port": -1,
                "v4_cidr_blocks": [
                  "0.0.0.0/0"
                ],
                "v6_cidr_blocks": []
              }
            ],
            "labels": {},
            "name": "kube-sg-api-6b2cfkk6",
            "network_id": "ccmcqqau9ce6eb6hhs87",
            "status": "ACTIVE",
            "timeouts": null
          },
          "sensitive_attributes": [],
          "private": "eyJlMmJmYjczMC1lY2FhLTExZTYtOGY4OC0zNDM2M2JjN2M0YzAiOnsiY3JlYXRlIjoxODAwMDAwMDAwMDAsImRlbGV0ZSI6MTgwMDAwMDAwMDAwLCJ1cGRhdGUiOjE4MDAwMDAwMDAwMH19",
          "dependencies": [
            "module.example_k8s.random_string.il_k8s_suffix",
            "module.example_k8s.yandex_vpc_network.il_k8s_vpc"
          ]
        }
      ]
    },
    {
      "module": "module.example_k8s[0]",
      "mode": "managed",
      "type": "yandex_vpc_security_group",
      "name": "il_k8s_sg-main",
      "provider": "provider[\"registry.terraform.io/yandex-cloud/yandex\"]",
      "instances": [
        {
          "schema_version": 0,
          "attributes": {
            "created_at": "2022-09-13T11:40:44Z",
            "description": "For basic cluster availability",
            "egress": [
              {
                "description": "outgoing-all",
                "from_port": 0,
                "id": "ccmg252quuj5fe4i44a3",
                "labels": {},
                "port": -1,
                "predefined_target": "",
                "protocol": "ANY",
                "security_group_id": "",
                "to_port": 65535,
                "v4_cidr_blocks": [
                  "0.0.0.0/0"
                ],
                "v6_cidr_blocks": []
              }
            ],
            "folder_id": "b483u8568fn4ch29itgt",
            "id": "ccmuvcus9isnufqostho",
            "ingress": [
              {
                "description": "icmp-internal",
                "from_port": -1,
                "id": "ccm42nqj4cq6navj9k0a",
                "labels": {},
                "port": -1,
                "predefined_target": "",
                "protocol": "ICMP",
                "security_group_id": "",
                "to_port": -1,
                "v4_cidr_blocks": [
                  "172.16.0.0/12",
                  "10.0.0.0/8",
                  "192.168.0.0/16"
                ],
                "v6_cidr_blocks": []
              },
              {
                "description": "incoming-from-balancer",
                "from_port": 0,
                "id": "ccm80g7ipjebbej03r41",
                "labels": {},
                "port": -1,
                "predefined_target": "",
                "protocol": "TCP",
                "security_group_id": "",
                "to_port": 65535,
                "v4_cidr_blocks": [
                  "198.18.235.0/24",
                  "198.18.248.0/24"
                ],
                "v6_cidr_blocks": []
              },
              {
                "description": "node-to-node",
                "from_port": 0,
                "id": "ccm5vpp3nmv7b5n6avo2",
                "labels": {},
                "port": -1,
                "predefined_target": "self_security_group",
                "protocol": "ANY",
                "security_group_id": "",
                "to_port": 65535,
                "v4_cidr_blocks": [],
                "v6_cidr_blocks": []
              },
              {
                "description": "pod-to-pod",
                "from_port": 0,
                "id": "ccmmf2gb35uto71v678m",
                "labels": {},
                "port": -1,
                "predefined_target": "",
                "protocol": "ANY",
                "security_group_id": "",
                "to_port": 65535,
                "v4_cidr_blocks": [
                  "10.112.0.0/16",
                  "10.96.0.0/16"
                ],
                "v6_cidr_blocks": []
              }
            ],
            "labels": {},
            "name": "kube-sg-main-6b2cfkk6",
            "network_id": "ccmcqqau9ce6eb6hhs87",
            "status": "ACTIVE",
            "timeouts": null
          },
          "sensitive_attributes": [],
          "private": "eyJlMmJmYjczMC1lY2FhLTExZTYtOGY4OC0zNDM2M2JjN2M0YzAiOnsiY3JlYXRlIjoxODAwMDAwMDAwMDAsImRlbGV0ZSI6MTgwMDAwMDAwMDAwLCJ1cGRhdGUiOjE4MDAwMDAwMDAwMH19",
          "dependencies": [
            "module.example_k8s.random_string.il_k8s_suffix",
            "module.example_k8s.yandex_vpc_network.il_k8s_vpc"
          ]
        }
      ]
    },
    {
      "module": "module.example_k8s[0]",
      "mode": "managed",
      "type": "yandex_vpc_security_group",
      "name": "il_k8s_sg-public",
      "provider": "provider[\"registry.terraform.io/yandex-cloud/yandex\"]",
      "instances": [
        {
          "schema_version": 0,
          "attributes": {
            "created_at": "2022-09-13T11:40:43Z",
            "description": "Internet access",
            "egress": [],
            "folder_id": "b483u8568fn4ch29itgt",
            "id": "ccmqmij1eqnnurklvbkn",
            "ingress": [
              {
                "description": "incoming-nodeport",
                "from_port": 30000,
                "id": "ccmfj1s4urvkr5n65e9u",
                "labels": {},
                "port": -1,
                "predefined_target": "",
                "protocol": "TCP",
                "security_group_id": "",
                "to_port": 32767,
                "v4_cidr_blocks": [
                  "0.0.0.0/0"
                ],
                "v6_cidr_blocks": []
              }
            ],
            "labels": {},
            "name": "kube-sg-public-6b2cfkk6",
            "network_id": "ccmcqqau9ce6eb6hhs87",
            "status": "ACTIVE",
            "timeouts": null
          },
          "sensitive_attributes": [],
          "private": "eyJlMmJmYjczMC1lY2FhLTExZTYtOGY4OC0zNDM2M2JjN2M0YzAiOnsiY3JlYXRlIjoxODAwMDAwMDAwMDAsImRlbGV0ZSI6MTgwMDAwMDAwMDAwLCJ1cGRhdGUiOjE4MDAwMDAwMDAwMH19",
          "dependencies": [
            "module.example_k8s.random_string.il_k8s_suffix",
            "module.example_k8s.yandex_vpc_network.il_k8s_vpc"
          ]
        }
      ]
    },
    {
      "module": "module.example_k8s[0]",
      "mode": "managed",
      "type": "yandex_vpc_security_group",
      "name": "il_k8s_sg-ssh",
      "provider": "provider[\"registry.terraform.io/yandex-cloud/yandex\"]",
      "instances": [
        {
          "schema_version": 0,
          "attributes": {
            "created_at": "2022-09-13T11:40:44Z",
            "description": "SSH access",
            "egress": [],
            "folder_id": "b483u8568fn4ch29itgt",
            "id": "ccmqa5dbbihfnh0mqmkj",
            "ingress": [
              {
                "description": "incoming-ssh",
                "from_port": -1,
                "id": "ccmljl2eohc5a19e5v66",
                "labels": {},
                "port": 22,
                "predefined_target": "",
                "protocol": "TCP",
                "security_group_id": "",
                "to_port": -1,
                "v4_cidr_blocks": [
                  "0.0.0.0/0"
                ],
                "v6_cidr_blocks": []
              }
            ],
            "labels": {},
            "name": "kube-sg-ssh-6b2cfkk6",
            "network_id": "ccmcqqau9ce6eb6hhs87",
            "status": "ACTIVE",
            "timeouts": null
          },
          "sensitive_attributes": [],
          "private": "eyJlMmJmYjczMC1lY2FhLTExZTYtOGY4OC0zNDM2M2JjN2M0YzAiOnsiY3JlYXRlIjoxODAwMDAwMDAwMDAsImRlbGV0ZSI6MTgwMDAwMDAwMDAwLCJ1cGRhdGUiOjE4MDAwMDAwMDAwMH19",
          "dependencies": [
            "module.example_k8s.random_string.il_k8s_suffix",
            "module.example_k8s.yandex_vpc_network.il_k8s_vpc"
          ]
        }
      ]
    }
  ]
}
