{
  "version": 4,
  "terraform_version": "1.2.8",
  "serial": 7,
  "lineage": "8d847ef5-548e-28df-f920-d9262f01abeb",
  "outputs": {
    "il_federation_id": {
      "value": "  CloudIL Federation ID is \n  fhi6vokli277qck9r5h5\n  ---\n  Use the following URL for Identitifier (Entity ID) in Azure AD SAML Configuration: \n  https://auth.cloudil.co.il/federations/fhi6vokli277qck9r5h5\n  ---\n  Use the following URL for Reply URL in Azure AD SAML Configuration:\"\n  https://auth.cloudil.co.il/federations/fhi6vokli277qck9r5h5\n",
      "type": "string"
    }
  },
  "resources": [
    {
      "mode": "managed",
      "type": "azuread_application",
      "name": "az-app",
      "provider": "provider[\"registry.terraform.io/hashicorp/azuread\"]",
      "instances": [
        {
          "schema_version": 1,
          "attributes": {
            "api": [
              {
                "known_client_applications": [],
                "mapped_claims_enabled": false,
                "oauth2_permission_scope": [
                  {
                    "admin_consent_description": "Allow the application to access az-il-federation on behalf of the signed-in user.",
                    "admin_consent_display_name": "Access az-il-federation",
                    "enabled": true,
                    "id": "8b4bae5e-11c9-4a8d-b3df-16886e1e03ff",
                    "type": "User",
                    "user_consent_description": "Allow the application to access az-il-federation on your behalf.",
                    "user_consent_display_name": "Access az-il-federation",
                    "value": "user_impersonation"
                  }
                ],
                "requested_access_token_version": 1
              }
            ],
            "app_role": [
              {
                "allowed_member_types": [
                  "User"
                ],
                "description": "User",
                "display_name": "User",
                "enabled": true,
                "id": "18d14569-c3bd-439b-9a66-3a2aee01d14f",
                "value": ""
              },
              {
                "allowed_member_types": [
                  "User"
                ],
                "description": "msiam_access",
                "display_name": "msiam_access",
                "enabled": true,
                "id": "b9632174-c057-4f7e-951b-be3adc52bfe6",
                "value": ""
              }
            ],
            "app_role_ids": {},
            "application_id": "25d522f6-544b-40b9-97b9-fd4905c2d44f",
            "device_only_auth_enabled": false,
            "disabled_by_microsoft": "\u003cnil\u003e",
            "display_name": "az-il-federation",
            "fallback_public_client_enabled": false,
            "feature_tags": [
              {
                "custom_single_sign_on": true,
                "enterprise": true,
                "gallery": true,
                "hide": false
              }
            ],
            "group_membership_claims": [],
            "id": "9ac54359-2770-4b81-abbc-ff60ef673a7d",
            "identifier_uris": [],
            "logo_image": "",
            "logo_url": "",
            "marketing_url": "",
            "oauth2_permission_scope_ids": {
              "user_impersonation": "8b4bae5e-11c9-4a8d-b3df-16886e1e03ff"
            },
            "oauth2_post_response_required": false,
            "object_id": "9ac54359-2770-4b81-abbc-ff60ef673a7d",
            "optional_claims": [
              {
                "access_token": [],
                "id_token": [],
                "saml2_token": []
              }
            ],
            "owners": [],
            "prevent_duplicate_names": false,
            "privacy_statement_url": "",
            "public_client": [
              {
                "redirect_uris": []
              }
            ],
            "publisher_domain": "korchart.com",
            "required_resource_access": [],
            "sign_in_audience": "AzureADMyOrg",
            "single_page_application": [
              {
                "redirect_uris": []
              }
            ],
            "support_url": "",
            "tags": [
              "WindowsAzureActiveDirectoryCustomSingleSignOnApplication",
              "WindowsAzureActiveDirectoryGalleryApplicationNonPrimaryV1",
              "WindowsAzureActiveDirectoryIntegratedApp"
            ],
            "template_id": "8adf8e6e-67b2-4cf2-a259-e3dc5476c621",
            "terms_of_service_url": "",
            "timeouts": null,
            "web": [
              {
                "homepage_url": "",
                "implicit_grant": [
                  {
                    "access_token_issuance_enabled": false,
                    "id_token_issuance_enabled": false
                  }
                ],
                "logout_url": "",
                "redirect_uris": []
              }
            ]
          },
          "sensitive_attributes": [],
          "private": "eyJlMmJmYjczMC1lY2FhLTExZTYtOGY4OC0zNDM2M2JjN2M0YzAiOnsiY3JlYXRlIjo2MDAwMDAwMDAwMDAsImRlbGV0ZSI6MzAwMDAwMDAwMDAwLCJyZWFkIjozMDAwMDAwMDAwMDAsInVwZGF0ZSI6NjAwMDAwMDAwMDAwfSwic2NoZW1hX3ZlcnNpb24iOiIxIn0="
        }
      ]
    },
    {
      "mode": "managed",
      "type": "yandex_organizationmanager_saml_federation",
      "name": "il_federation",
      "provider": "provider[\"registry.terraform.io/yandex-cloud/yandex\"]",
      "instances": [
        {
          "schema_version": 0,
          "attributes": {
            "auto_create_account_on_login": true,
            "case_insensitive_name_ids": false,
            "cookie_max_age": "12h0m0s",
            "created_at": "2022-09-11T19:16:19Z",
            "description": "Azure-il Federation",
            "id": "fhi6vokli277qck9r5h5",
            "issuer": "https://sts.windows.net/8dfe9017-7fce-45cd-a294-8799321cc073/",
            "labels": null,
            "name": "az-il-federation",
            "organization_id": "fhig2qdis4bsbkvs2df2",
            "security_settings": [
              {
                "encrypted_assertions": false
              }
            ],
            "sso_binding": "POST",
            "sso_url": "https://login.microsoftonline.com/8dfe9017-7fce-45cd-a294-8799321cc073/saml2",
            "timeouts": null
          },
          "sensitive_attributes": [],
          "private": "eyJlMmJmYjczMC1lY2FhLTExZTYtOGY4OC0zNDM2M2JjN2M0YzAiOnsiY3JlYXRlIjo2MDAwMDAwMDAwMCwiZGVsZXRlIjo2MDAwMDAwMDAwMCwicmVhZCI6NjAwMDAwMDAwMDAsInVwZGF0ZSI6NjAwMDAwMDAwMDB9fQ==",
          "dependencies": [
            "azuread_application.az-app"
          ]
        }
      ]
    }
  ]
}
