{
  "version": 4,
  "terraform_version": "1.2.8",
  "serial": 29,
  "lineage": "a00772c7-ef90-2d1c-c6f3-88f9ce1c900c",
  "outputs": {},
  "resources": [
    {
      "mode": "data",
      "type": "azurerm_public_ip",
      "name": "azure-vpn-ip",
      "provider": "provider[\"registry.terraform.io/hashicorp/azurerm\"]",
      "instances": [
        {
          "schema_version": 0,
          "attributes": {
            "allocation_method": "Dynamic",
            "domain_name_label": "",
            "fqdn": "",
            "id": "/subscriptions/0735fd1a-513b-4973-a654-4f850df181d0/resourceGroups/RG-il-vpn/providers/Microsoft.Network/publicIPAddresses/VPC-vpn-vpn-gw-pub-ip",
            "idle_timeout_in_minutes": 4,
            "ip_address": "",
            "ip_tags": {},
            "ip_version": "IPv4",
            "location": "westeurope",
            "name": "VPC-vpn-vpn-gw-pub-ip",
            "resource_group_name": "RG-il-vpn",
            "reverse_fqdn": "",
            "sku": "Basic",
            "tags": {
              "environment": "test",
              "service": "vpn"
            },
            "timeouts": null,
            "zones": []
          },
          "sensitive_attributes": []
        }
      ]
    },
    {
      "mode": "data",
      "type": "template_file",
      "name": "vpn_cloud_init",
      "provider": "provider[\"registry.terraform.io/hashicorp/template\"]",
      "instances": []
    },
    {
      "mode": "data",
      "type": "yandex_client_config",
      "name": "client",
      "provider": "provider[\"registry.terraform.io/yandex-cloud/yandex\"]",
      "instances": [
        {
          "schema_version": 0,
          "attributes": {
            "cloud_id": "b48fkkjfamnu9u2hhst5",
            "folder_id": "b483u8568fn4ch29itgt",
            "iam_token": "t1.9euZz8fInc6RnMmLmMfJx5HPlZCex-3rmc_Hz52djM-ex4mJm5yLkJmQlozl9PdZAX9m-e8lC2bY3fT3GTB8ZvnvJQtm2M3n9euZz8eYiZ6bkJnPjZiJnZaazsbKie_9.mtKCmIXlNSYLAqYFr8WKiC2EsapEQ4QZ2dwowZBu8I8BKLSWqO_8LxC1uBl18HPiBPg9yIjEY0MzN78xlTI1Cg",
            "id": "4233283484",
            "zone": "il1-a"
          },
          "sensitive_attributes": []
        }
      ]
    },
    {
      "mode": "data",
      "type": "yandex_vpc_address",
      "name": "vpn_address",
      "provider": "provider[\"registry.terraform.io/yandex-cloud/yandex\"]",
      "instances": [
        {
          "schema_version": 0,
          "attributes": {
            "address_id": "ddk9r874qcbica6n329a",
            "created_at": "2022-09-13T08:28:56Z",
            "description": "",
            "external_ipv4_address": [
              {
                "address": "46.243.144.141",
                "ddos_protection_provider": "",
                "outgoing_smtp_capability": "",
                "zone_id": "il1-a"
              }
            ],
            "folder_id": "b483u8568fn4ch29itgt",
            "id": "ddk9r874qcbica6n329a",
            "labels": {
              "environment": "test",
              "service": "vpn"
            },
            "name": "vpn-address",
            "reserved": true,
            "used": false
          },
          "sensitive_attributes": []
        }
      ]
    },
    {
      "mode": "managed",
      "type": "azurerm_local_network_gateway",
      "name": "localgw",
      "provider": "provider[\"registry.terraform.io/hashicorp/azurerm\"]",
      "instances": [
        {
          "schema_version": 0,
          "attributes": {
            "address_space": [
              "192.168.0.0/24"
            ],
            "bgp_settings": [],
            "gateway_address": "46.243.144.141",
            "gateway_fqdn": "",
            "id": "/subscriptions/0735fd1a-513b-4973-a654-4f850df181d0/resourceGroups/RG-il-vpn/providers/Microsoft.Network/localNetworkGateways/VPC-vpn-cloudil-local-gw",
            "location": "westeurope",
            "name": "VPC-vpn-cloudil-local-gw",
            "resource_group_name": "RG-il-vpn",
            "tags": {
              "environment": "test",
              "service": "vpn"
            },
            "timeouts": null
          },
          "sensitive_attributes": [],
          "private": "eyJlMmJmYjczMC1lY2FhLTExZTYtOGY4OC0zNDM2M2JjN2M0YzAiOnsiY3JlYXRlIjoxODAwMDAwMDAwMDAwLCJkZWxldGUiOjE4MDAwMDAwMDAwMDAsInJlYWQiOjMwMDAwMDAwMDAwMCwidXBkYXRlIjoxODAwMDAwMDAwMDAwfX0=",
          "dependencies": [
            "data.yandex_vpc_address.vpn_address"
          ]
        }
      ]
    },
    {
      "mode": "managed",
      "type": "azurerm_public_ip",
      "name": "azure-vpn-ip",
      "provider": "provider[\"registry.terraform.io/hashicorp/azurerm\"]",
      "instances": [
        {
          "schema_version": 0,
          "attributes": {
            "allocation_method": "Dynamic",
            "domain_name_label": null,
            "edge_zone": "",
            "fqdn": null,
            "id": "/subscriptions/0735fd1a-513b-4973-a654-4f850df181d0/resourceGroups/RG-il-vpn/providers/Microsoft.Network/publicIPAddresses/VPC-vpn-vpn-gw-pub-ip",
            "idle_timeout_in_minutes": 4,
            "ip_address": "",
            "ip_tags": null,
            "ip_version": "IPv4",
            "location": "westeurope",
            "name": "VPC-vpn-vpn-gw-pub-ip",
            "public_ip_prefix_id": null,
            "resource_group_name": "RG-il-vpn",
            "reverse_fqdn": null,
            "sku": "Basic",
            "sku_tier": "Regional",
            "tags": {
              "environment": "test",
              "service": "vpn"
            },
            "timeouts": null,
            "zones": null
          },
          "sensitive_attributes": [],
          "private": "eyJlMmJmYjczMC1lY2FhLTExZTYtOGY4OC0zNDM2M2JjN2M0YzAiOnsiY3JlYXRlIjoxODAwMDAwMDAwMDAwLCJkZWxldGUiOjE4MDAwMDAwMDAwMDAsInJlYWQiOjMwMDAwMDAwMDAwMCwidXBkYXRlIjoxODAwMDAwMDAwMDAwfX0="
        }
      ]
    },
    {
      "mode": "managed",
      "type": "azurerm_route",
      "name": "azure-route",
      "provider": "provider[\"registry.terraform.io/hashicorp/azurerm\"]",
      "instances": [
        {
          "schema_version": 0,
          "attributes": {
            "address_prefix": "192.168.0.0/24",
            "id": "/subscriptions/0735fd1a-513b-4973-a654-4f850df181d0/resourceGroups/RG-il-vpn/providers/Microsoft.Network/routeTables/VPC-vpn-azure-rt/routes/VPC-vpn-azure-route",
            "name": "VPC-vpn-azure-route",
            "next_hop_in_ip_address": "",
            "next_hop_type": "VirtualNetworkGateway",
            "resource_group_name": "RG-il-vpn",
            "route_table_name": "VPC-vpn-azure-rt",
            "timeouts": null
          },
          "sensitive_attributes": [],
          "private": "eyJlMmJmYjczMC1lY2FhLTExZTYtOGY4OC0zNDM2M2JjN2M0YzAiOnsiY3JlYXRlIjoxODAwMDAwMDAwMDAwLCJkZWxldGUiOjE4MDAwMDAwMDAwMDAsInJlYWQiOjMwMDAwMDAwMDAwMCwidXBkYXRlIjoxODAwMDAwMDAwMDAwfX0=",
          "dependencies": [
            "azurerm_route_table.azure-rt"
          ]
        }
      ]
    },
    {
      "mode": "managed",
      "type": "azurerm_route_table",
      "name": "azure-rt",
      "provider": "provider[\"registry.terraform.io/hashicorp/azurerm\"]",
      "instances": [
        {
          "schema_version": 0,
          "attributes": {
            "disable_bgp_route_propagation": false,
            "id": "/subscriptions/0735fd1a-513b-4973-a654-4f850df181d0/resourceGroups/RG-il-vpn/providers/Microsoft.Network/routeTables/VPC-vpn-azure-rt",
            "location": "westeurope",
            "name": "VPC-vpn-azure-rt",
            "resource_group_name": "RG-il-vpn",
            "route": [],
            "subnets": [],
            "tags": null,
            "timeouts": null
          },
          "sensitive_attributes": [],
          "private": "eyJlMmJmYjczMC1lY2FhLTExZTYtOGY4OC0zNDM2M2JjN2M0YzAiOnsiY3JlYXRlIjoxODAwMDAwMDAwMDAwLCJkZWxldGUiOjE4MDAwMDAwMDAwMDAsInJlYWQiOjMwMDAwMDAwMDAwMCwidXBkYXRlIjoxODAwMDAwMDAwMDAwfX0="
        }
      ]
    },
    {
      "mode": "managed",
      "type": "azurerm_virtual_network_gateway",
      "name": "azure-vpn-gw",
      "provider": "provider[\"registry.terraform.io/hashicorp/azurerm\"]",
      "instances": []
    },
    {
      "mode": "managed",
      "type": "azurerm_virtual_network_gateway_connection",
      "name": "az-hub-onprem",
      "provider": "provider[\"registry.terraform.io/hashicorp/azurerm\"]",
      "instances": []
    },
    {
      "mode": "managed",
      "type": "random_password",
      "name": "psk-plaintext",
      "provider": "provider[\"registry.terraform.io/hashicorp/random\"]",
      "instances": [
        {
          "schema_version": 3,
          "attributes": {
            "bcrypt_hash": "$2a$10$9.1Vy/8bgarrD/Xu8hDUEecIA7OtfGCBKeT9CTuBjxsBMLaZLCTvK",
            "id": "none",
            "keepers": null,
            "length": 16,
            "lower": true,
            "min_lower": 0,
            "min_numeric": 0,
            "min_special": 0,
            "min_upper": 0,
            "number": true,
            "numeric": true,
            "override_special": "_%@",
            "result": "J%Gx_qIWADTHa1U8",
            "special": true,
            "upper": true
          },
          "sensitive_attributes": []
        }
      ]
    },
    {
      "mode": "managed",
      "type": "time_sleep",
      "name": "wait_30_seconds",
      "provider": "provider[\"registry.terraform.io/hashicorp/time\"]",
      "instances": []
    },
    {
      "mode": "managed",
      "type": "yandex_compute_image",
      "name": "vpn_instance",
      "provider": "provider[\"registry.terraform.io/yandex-cloud/yandex\"]",
      "instances": [
        {
          "schema_version": 0,
          "attributes": {
            "created_at": "2022-09-13T08:28:56Z",
            "description": "",
            "family": "",
            "folder_id": "b483u8568fn4ch29itgt",
            "id": "alkqctc77m36v0fcpvbm",
            "labels": {},
            "min_disk_size": 5,
            "name": "",
            "os_type": null,
            "pooled": false,
            "product_ids": [
              "eqgeuik3uquh4er582qr"
            ],
            "size": 4,
            "source_disk": null,
            "source_family": "ipsec-instance-ubuntu",
            "source_image": null,
            "source_snapshot": null,
            "source_url": null,
            "status": "ready",
            "timeouts": null
          },
          "sensitive_attributes": [],
          "private": "eyJlMmJmYjczMC1lY2FhLTExZTYtOGY4OC0zNDM2M2JjN2M0YzAiOnsiY3JlYXRlIjozMDAwMDAwMDAwMDAsImRlbGV0ZSI6MzAwMDAwMDAwMDAwLCJ1cGRhdGUiOjMwMDAwMDAwMDAwMH19"
        }
      ]
    },
    {
      "mode": "managed",
      "type": "yandex_compute_instance",
      "name": "vpn_vm",
      "provider": "provider[\"registry.terraform.io/yandex-cloud/yandex\"]",
      "instances": []
    },
    {
      "mode": "managed",
      "type": "yandex_kms_secret_ciphertext",
      "name": "psk-encrypted",
      "provider": "provider[\"registry.terraform.io/yandex-cloud/yandex\"]",
      "instances": [
        {
          "schema_version": 0,
          "attributes": {
            "aad_context": null,
            "ciphertext": "AAAAAQAAABRjNDJzZjczdWRwYWdpcWwxZTE1dgAAABDmlP9RUcLsjX6noBB8bc2/AAAADDllAoKaxqSRgx8FzuLTumqyfmoypPiHDhoXELzz3IeONm5Zy5IC034rE0pK",
            "id": "c42qtgnvcqcg600tcvu1/1c7c9b85edba69ca8d8f638c11503bded6f8ffe7da69b29f15ec979af5dab839",
            "key_id": "c42qtgnvcqcg600tcvu1",
            "plaintext": "J%Gx_qIWADTHa1U8",
            "timeouts": null
          },
          "sensitive_attributes": [
            [
              {
                "type": "get_attr",
                "value": "plaintext"
              }
            ]
          ],
          "private": "eyJlMmJmYjczMC1lY2FhLTExZTYtOGY4OC0zNDM2M2JjN2M0YzAiOnsiY3JlYXRlIjo2MDAwMDAwMDAwMCwiZGVsZXRlIjo2MDAwMDAwMDAwMCwicmVhZCI6NjAwMDAwMDAwMDB9fQ==",
          "dependencies": [
            "random_password.psk-plaintext",
            "yandex_kms_symmetric_key.vpn-key"
          ]
        }
      ]
    },
    {
      "mode": "managed",
      "type": "yandex_kms_symmetric_key",
      "name": "vpn-key",
      "provider": "provider[\"registry.terraform.io/yandex-cloud/yandex\"]",
      "instances": [
        {
          "schema_version": 0,
          "attributes": {
            "created_at": "2022-09-13T08:28:55Z",
            "default_algorithm": "AES_256",
            "description": "encryption key for psk string",
            "folder_id": "b483u8568fn4ch29itgt",
            "id": "c42qtgnvcqcg600tcvu1",
            "labels": {},
            "name": "az-il-vpn-key",
            "rotated_at": "",
            "rotation_period": "8760h0m0s",
            "status": "active",
            "timeouts": null
          },
          "sensitive_attributes": [],
          "private": "eyJlMmJmYjczMC1lY2FhLTExZTYtOGY4OC0zNDM2M2JjN2M0YzAiOnsiY3JlYXRlIjo2MDAwMDAwMDAwMCwiZGVsZXRlIjo2MDAwMDAwMDAwMCwicmVhZCI6NjAwMDAwMDAwMDAsInVwZGF0ZSI6NjAwMDAwMDAwMDB9fQ=="
        }
      ]
    },
    {
      "mode": "managed",
      "type": "yandex_vpc_address",
      "name": "vpn_address",
      "provider": "provider[\"registry.terraform.io/yandex-cloud/yandex\"]",
      "instances": [
        {
          "schema_version": 0,
          "attributes": {
            "created_at": "2022-09-13T08:28:56Z",
            "description": "",
            "external_ipv4_address": [
              {
                "address": "46.243.144.141",
                "ddos_protection_provider": "",
                "outgoing_smtp_capability": "",
                "zone_id": "il1-a"
              }
            ],
            "folder_id": "b483u8568fn4ch29itgt",
            "id": "ddk9r874qcbica6n329a",
            "labels": {
              "environment": "test",
              "service": "vpn"
            },
            "name": "vpn-address",
            "reserved": true,
            "timeouts": null,
            "used": false
          },
          "sensitive_attributes": [],
          "private": "eyJlMmJmYjczMC1lY2FhLTExZTYtOGY4OC0zNDM2M2JjN2M0YzAiOnsiY3JlYXRlIjozMDAwMDAwMDAwMCwiZGVsZXRlIjozMDAwMDAwMDAwMCwidXBkYXRlIjozMDAwMDAwMDAwMH19"
        }
      ]
    },
    {
      "mode": "managed",
      "type": "yandex_vpc_route_table",
      "name": "this",
      "provider": "provider[\"registry.terraform.io/yandex-cloud/yandex\"]",
      "instances": [
        {
          "schema_version": 0,
          "attributes": {
            "created_at": "2022-09-13T08:28:56Z",
            "description": "",
            "folder_id": "b483u8568fn4ch29itgt",
            "id": "ccmqv8d1vc8o326e3m2i",
            "labels": {
              "environment": "test",
              "service": "vpn"
            },
            "name": "azure-vpc-demo-rt",
            "network_id": "ccm4mk7kc9jdtrknu2vg",
            "static_route": [
              {
                "destination_prefix": "10.151.0.0/24",
                "gateway_id": "",
                "next_hop_address": "192.168.0.10"
              }
            ],
            "timeouts": null
          },
          "sensitive_attributes": [],
          "private": "eyJlMmJmYjczMC1lY2FhLTExZTYtOGY4OC0zNDM2M2JjN2M0YzAiOnsiY3JlYXRlIjoxODAwMDAwMDAwMDAsImRlbGV0ZSI6MTgwMDAwMDAwMDAwLCJ1cGRhdGUiOjE4MDAwMDAwMDAwMH19"
        }
      ]
    },
    {
      "mode": "managed",
      "type": "yandex_vpc_security_group",
      "name": "this",
      "provider": "provider[\"registry.terraform.io/yandex-cloud/yandex\"]",
      "instances": [
        {
          "schema_version": 0,
          "attributes": {
            "created_at": "2022-09-13T08:28:56Z",
            "description": "",
            "egress": [
              {
                "description": "",
                "from_port": 0,
                "id": "ccmllairtbphit314ve7",
                "labels": {},
                "port": -1,
                "predefined_target": "",
                "protocol": "ANY",
                "security_group_id": "",
                "to_port": 65535,
                "v4_cidr_blocks": [
                  "0.0.0.0/0"
                ],
                "v6_cidr_blocks": []
              }
            ],
            "folder_id": "b483u8568fn4ch29itgt",
            "id": "ccmlr2t1cerhjvusbpq2",
            "ingress": [
              {
                "description": "",
                "from_port": -1,
                "id": "ccm02vnj8h2sqktbutpd",
                "labels": {},
                "port": 4500,
                "predefined_target": "",
                "protocol": "ANY",
                "security_group_id": "",
                "to_port": -1,
                "v4_cidr_blocks": [
                  "0.0.0.0/0"
                ],
                "v6_cidr_blocks": []
              },
              {
                "description": "",
                "from_port": -1,
                "id": "ccmc4qku4mdv9jq23idp",
                "labels": {},
                "port": 500,
                "predefined_target": "",
                "protocol": "ANY",
                "security_group_id": "",
                "to_port": -1,
                "v4_cidr_blocks": [
                  "0.0.0.0/0"
                ],
                "v6_cidr_blocks": []
              },
              {
                "description": "",
                "from_port": -1,
                "id": "ccmg66v93nfenbfcd2an",
                "labels": {},
                "port": 22,
                "predefined_target": "",
                "protocol": "TCP",
                "security_group_id": "",
                "to_port": -1,
                "v4_cidr_blocks": [
                  "0.0.0.0/0"
                ],
                "v6_cidr_blocks": []
              },
              {
                "description": "",
                "from_port": 0,
                "id": "ccmf4jqmgdi7r2lbntsp",
                "labels": {},
                "port": -1,
                "predefined_target": "",
                "protocol": "ICMP",
                "security_group_id": "",
                "to_port": 65535,
                "v4_cidr_blocks": [
                  "0.0.0.0/0"
                ],
                "v6_cidr_blocks": []
              }
            ],
            "labels": {
              "environment": "test",
              "service": "vpn"
            },
            "name": "azure-vpc-demo-sg",
            "network_id": "ccm4mk7kc9jdtrknu2vg",
            "status": "ACTIVE",
            "timeouts": null
          },
          "sensitive_attributes": [],
          "private": "eyJlMmJmYjczMC1lY2FhLTExZTYtOGY4OC0zNDM2M2JjN2M0YzAiOnsiY3JlYXRlIjoxODAwMDAwMDAwMDAsImRlbGV0ZSI6MTgwMDAwMDAwMDAwLCJ1cGRhdGUiOjE4MDAwMDAwMDAwMH19"
        }
      ]
    },
    {
      "mode": "managed",
      "type": "yandex_vpc_subnet",
      "name": "this",
      "provider": "provider[\"registry.terraform.io/yandex-cloud/yandex\"]",
      "instances": [
        {
          "schema_version": 0,
          "attributes": {
            "created_at": "2022-09-13T08:28:57Z",
            "description": "",
            "dhcp_options": [],
            "folder_id": "b483u8568fn4ch29itgt",
            "id": "ddkmgiifoifmf25ii6m2",
            "labels": {
              "environment": "test",
              "service": "vpn"
            },
            "name": "ccm4mk7kc9jdtrknu2vg-vpn-subnet",
            "network_id": "ccm4mk7kc9jdtrknu2vg",
            "route_table_id": "ccmqv8d1vc8o326e3m2i",
            "timeouts": null,
            "v4_cidr_blocks": [
              "192.168.0.0/24"
            ],
            "v6_cidr_blocks": [],
            "zone": "il1-a"
          },
          "sensitive_attributes": [],
          "private": "eyJlMmJmYjczMC1lY2FhLTExZTYtOGY4OC0zNDM2M2JjN2M0YzAiOnsiY3JlYXRlIjoxODAwMDAwMDAwMDAsImRlbGV0ZSI6MTgwMDAwMDAwMDAwLCJ1cGRhdGUiOjE4MDAwMDAwMDAwMH19",
          "dependencies": [
            "yandex_vpc_route_table.this"
          ]
        }
      ]
    }
  ]
}
